
Microsoft Visual Studio Solution File, Format Version 12.00
# Visual Studio Version 16
VisualStudioVersion = 16.0.31105.61
MinimumVisualStudioVersion = 10.0.40219.1
Project("{FAE04EC0-301F-11D3-BF4B-00C04F79EFBC}") = "BlazorPlayground", "BlazorPlayground\BlazorPlayground.csproj", "{F271A8A8-9C29-4CDA-A4A5-6F6AFB25DED1}"
EndProject
Global
	GlobalSection(SolutionConfigurationPlatforms) = preSolution
		Debug|Any CPU = Debug|Any CPU
		Release|Any CPU = Release|Any CPU
	EndGlobalSection
	GlobalSection(ProjectConfigurationPlatforms) = postSolution
		{F271A8A8-9C29-4CDA-A4A5-6F6AFB25DED1}.Debug|Any CPU.ActiveCfg = Debug|Any CPU
		{F271A8A8-9C29-4CDA-A4A5-6F6AFB25DED1}.Debug|Any CPU.Build.0 = Debug|Any CPU
		{F271A8A8-9C29-4CDA-A4A5-6F6AFB25DED1}.Release|Any CPU.ActiveCfg = Release|Any CPU
		{F271A8A8-9C29-4CDA-A4A5-6F6AFB25DED1}.Release|Any CPU.Build.0 = Release|Any CPU
	EndGlobalSection
	GlobalSection(SolutionProperties) = preSolution
		HideSolutionNode = FALSE
	EndGlobalSection
	GlobalSection(ExtensibilityGlobals) = postSolution
		SolutionGuid = {4F33AE00-537C-4205-97F1-33A439FCC851}
	EndGlobalSection
EndGlobal
