
Microsoft Visual Studio Solution File, Format Version 12.00
# Visual Studio Version 17
VisualStudioVersion = 17.0.32014.148
MinimumVisualStudioVersion = 10.0.40219.1
Project("{9A19103F-16F7-4668-BE54-9A1E7A4F7556}") = "BlazorPlayground", "BlazorPlayground\BlazorPlayground.csproj", "{F271A8A8-9C29-4CDA-A4A5-6F6AFB25DED1}"
EndProject
Project("{9A19103F-16F7-4668-BE54-9A1E7A4F7556}") = "BlazorPlayground.Calculator", "BlazorPlayground.Calculator\BlazorPlayground.Calculator.csproj", "{23BC4C6A-5CC5-4B23-9AC2-725C2C4C0010}"
EndProject
Project("{9A19103F-16F7-4668-BE54-9A1E7A4F7556}") = "BlazorPlayground.Calculator.Tests", "BlazorPlayground.Calculator.Tests\BlazorPlayground.Calculator.Tests.csproj", "{AE3CD460-F83D-4F02-95DE-ADED7A8F60E6}"
EndProject
Project("{9A19103F-16F7-4668-BE54-9A1E7A4F7556}") = "BlazorPlayground.Graphics", "BlazorPlayground.Graphics\BlazorPlayground.Graphics.csproj", "{370DB296-7F62-48CD-AD4B-F4F9680FF5CF}"
EndProject
Project("{9A19103F-16F7-4668-BE54-9A1E7A4F7556}") = "BlazorPlayground.Graphics.Tests", "BlazorPlayground.Graphics.Tests\BlazorPlayground.Graphics.Tests.csproj", "{E363B001-C287-41A5-B3CF-3D261074967A}"
EndProject
Project("{FAE04EC0-301F-11D3-BF4B-00C04F79EFBC}") = "BlazorPlayground.BulletHellBeastMode", "BlazorPlayground.BulletHellBeastMode\BlazorPlayground.BulletHellBeastMode.csproj", "{2284D030-8C27-47B9-AC87-E0D5EEBC05A3}"
EndProject
Project("{FAE04EC0-301F-11D3-BF4B-00C04F79EFBC}") = "BlazorPlayground.BulletHellBeastMode.Tests", "BlazorPlayground.BulletHellBeastMode.Tests\BlazorPlayground.BulletHellBeastMode.Tests.csproj", "{34CC4638-DCC8-4C1B-A8E0-F01D3CF7C3C0}"
EndProject
Project("{FAE04EC0-301F-11D3-BF4B-00C04F79EFBC}") = "BlazorPlayground.Web", "BlazorPlayground.Web\BlazorPlayground.Web\BlazorPlayground.Web.csproj", "{3232C034-60C1-4F7D-91D5-BC7DC1C08B82}"
EndProject
Project("{FAE04EC0-301F-11D3-BF4B-00C04F79EFBC}") = "BlazorPlayground.Web.Client", "BlazorPlayground.Web\BlazorPlayground.Web.Client\BlazorPlayground.Web.Client.csproj", "{7E1264E7-F8FE-4E49-9A64-77601137BD43}"
EndProject
Project("{FAE04EC0-301F-11D3-BF4B-00C04F79EFBC}") = "BlazorPlayground.StateManagement", "BlazorPlayground.StateManagement\BlazorPlayground.StateManagement.csproj", "{94AFC000-0B76-4471-A3B3-1C6F91631ED4}"
EndProject
Project("{FAE04EC0-301F-11D3-BF4B-00C04F79EFBC}") = "BlazorPlayground.StateManagement.Tests", "BlazorPlayground.StateManagement.Tests\BlazorPlayground.StateManagement.Tests.csproj", "{B271E86E-8608-4F52-8323-C5F6C7703DFF}"
EndProject
Global
	GlobalSection(SolutionConfigurationPlatforms) = preSolution
		Debug|Any CPU = Debug|Any CPU
		Release|Any CPU = Release|Any CPU
	EndGlobalSection
	GlobalSection(ProjectConfigurationPlatforms) = postSolution
		{F271A8A8-9C29-4CDA-A4A5-6F6AFB25DED1}.Debug|Any CPU.ActiveCfg = Debug|Any CPU
		{F271A8A8-9C29-4CDA-A4A5-6F6AFB25DED1}.Debug|Any CPU.Build.0 = Debug|Any CPU
		{F271A8A8-9C29-4CDA-A4A5-6F6AFB25DED1}.Release|Any CPU.ActiveCfg = Release|Any CPU
		{F271A8A8-9C29-4CDA-A4A5-6F6AFB25DED1}.Release|Any CPU.Build.0 = Release|Any CPU
		{23BC4C6A-5CC5-4B23-9AC2-725C2C4C0010}.Debug|Any CPU.ActiveCfg = Debug|Any CPU
		{23BC4C6A-5CC5-4B23-9AC2-725C2C4C0010}.Debug|Any CPU.Build.0 = Debug|Any CPU
		{23BC4C6A-5CC5-4B23-9AC2-725C2C4C0010}.Release|Any CPU.ActiveCfg = Release|Any CPU
		{23BC4C6A-5CC5-4B23-9AC2-725C2C4C0010}.Release|Any CPU.Build.0 = Release|Any CPU
		{AE3CD460-F83D-4F02-95DE-ADED7A8F60E6}.Debug|Any CPU.ActiveCfg = Debug|Any CPU
		{AE3CD460-F83D-4F02-95DE-ADED7A8F60E6}.Debug|Any CPU.Build.0 = Debug|Any CPU
		{AE3CD460-F83D-4F02-95DE-ADED7A8F60E6}.Release|Any CPU.ActiveCfg = Release|Any CPU
		{AE3CD460-F83D-4F02-95DE-ADED7A8F60E6}.Release|Any CPU.Build.0 = Release|Any CPU
		{370DB296-7F62-48CD-AD4B-F4F9680FF5CF}.Debug|Any CPU.ActiveCfg = Debug|Any CPU
		{370DB296-7F62-48CD-AD4B-F4F9680FF5CF}.Debug|Any CPU.Build.0 = Debug|Any CPU
		{370DB296-7F62-48CD-AD4B-F4F9680FF5CF}.Release|Any CPU.ActiveCfg = Release|Any CPU
		{370DB296-7F62-48CD-AD4B-F4F9680FF5CF}.Release|Any CPU.Build.0 = Release|Any CPU
		{E363B001-C287-41A5-B3CF-3D261074967A}.Debug|Any CPU.ActiveCfg = Debug|Any CPU
		{E363B001-C287-41A5-B3CF-3D261074967A}.Debug|Any CPU.Build.0 = Debug|Any CPU
		{E363B001-C287-41A5-B3CF-3D261074967A}.Release|Any CPU.ActiveCfg = Release|Any CPU
		{E363B001-C287-41A5-B3CF-3D261074967A}.Release|Any CPU.Build.0 = Release|Any CPU
		{2284D030-8C27-47B9-AC87-E0D5EEBC05A3}.Debug|Any CPU.ActiveCfg = Debug|Any CPU
		{2284D030-8C27-47B9-AC87-E0D5EEBC05A3}.Debug|Any CPU.Build.0 = Debug|Any CPU
		{2284D030-8C27-47B9-AC87-E0D5EEBC05A3}.Release|Any CPU.ActiveCfg = Release|Any CPU
		{2284D030-8C27-47B9-AC87-E0D5EEBC05A3}.Release|Any CPU.Build.0 = Release|Any CPU
		{34CC4638-DCC8-4C1B-A8E0-F01D3CF7C3C0}.Debug|Any CPU.ActiveCfg = Debug|Any CPU
		{34CC4638-DCC8-4C1B-A8E0-F01D3CF7C3C0}.Debug|Any CPU.Build.0 = Debug|Any CPU
		{34CC4638-DCC8-4C1B-A8E0-F01D3CF7C3C0}.Release|Any CPU.ActiveCfg = Release|Any CPU
		{34CC4638-DCC8-4C1B-A8E0-F01D3CF7C3C0}.Release|Any CPU.Build.0 = Release|Any CPU
		{3232C034-60C1-4F7D-91D5-BC7DC1C08B82}.Debug|Any CPU.ActiveCfg = Debug|Any CPU
		{3232C034-60C1-4F7D-91D5-BC7DC1C08B82}.Debug|Any CPU.Build.0 = Debug|Any CPU
		{3232C034-60C1-4F7D-91D5-BC7DC1C08B82}.Release|Any CPU.ActiveCfg = Release|Any CPU
		{3232C034-60C1-4F7D-91D5-BC7DC1C08B82}.Release|Any CPU.Build.0 = Release|Any CPU
		{7E1264E7-F8FE-4E49-9A64-77601137BD43}.Debug|Any CPU.ActiveCfg = Debug|Any CPU
		{7E1264E7-F8FE-4E49-9A64-77601137BD43}.Debug|Any CPU.Build.0 = Debug|Any CPU
		{7E1264E7-F8FE-4E49-9A64-77601137BD43}.Release|Any CPU.ActiveCfg = Release|Any CPU
		{7E1264E7-F8FE-4E49-9A64-77601137BD43}.Release|Any CPU.Build.0 = Release|Any CPU
		{94AFC000-0B76-4471-A3B3-1C6F91631ED4}.Debug|Any CPU.ActiveCfg = Debug|Any CPU
		{94AFC000-0B76-4471-A3B3-1C6F91631ED4}.Debug|Any CPU.Build.0 = Debug|Any CPU
		{94AFC000-0B76-4471-A3B3-1C6F91631ED4}.Release|Any CPU.ActiveCfg = Release|Any CPU
		{94AFC000-0B76-4471-A3B3-1C6F91631ED4}.Release|Any CPU.Build.0 = Release|Any CPU
		{B271E86E-8608-4F52-8323-C5F6C7703DFF}.Debug|Any CPU.ActiveCfg = Debug|Any CPU
		{B271E86E-8608-4F52-8323-C5F6C7703DFF}.Debug|Any CPU.Build.0 = Debug|Any CPU
		{B271E86E-8608-4F52-8323-C5F6C7703DFF}.Release|Any CPU.ActiveCfg = Release|Any CPU
		{B271E86E-8608-4F52-8323-C5F6C7703DFF}.Release|Any CPU.Build.0 = Release|Any CPU
	EndGlobalSection
	GlobalSection(SolutionProperties) = preSolution
		HideSolutionNode = FALSE
	EndGlobalSection
	GlobalSection(ExtensibilityGlobals) = postSolution
		SolutionGuid = {4F33AE00-537C-4205-97F1-33A439FCC851}
	EndGlobalSection
EndGlobal
